
Microsoft Visual Studio Solution File, Format Version 12.00
# Visual Studio 2012
Project("{FAE04EC0-301F-11D3-BF4B-00C04F79EFBC}") = "Triangles", "Triangles\Triangles.csproj", "{82242F40-8374-4D8D-87F7-5F44E4EC87E9}"
EndProject
Project("{FAE04EC0-301F-11D3-BF4B-00C04F79EFBC}") = "TrianglesUnitTests", "TrianglesUnitTests\TrianglesUnitTests.csproj", "{CFA5F082-7D80-48FD-95D1-2C41CD8486A4}"
EndProject
Project("{FAE04EC0-301F-11D3-BF4B-00C04F79EFBC}") = "TrianglesIntegrationTests", "TrianglesIntegrationTests\TrianglesIntegrationTests.csproj", "{F167A52A-1084-44D2-93D6-CB5D2B35F819}"
EndProject
Global
	GlobalSection(SolutionConfigurationPlatforms) = preSolution
		Debug|Any CPU = Debug|Any CPU
		Release|Any CPU = Release|Any CPU
	EndGlobalSection
	GlobalSection(ProjectConfigurationPlatforms) = postSolution
		{82242F40-8374-4D8D-87F7-5F44E4EC87E9}.Debug|Any CPU.ActiveCfg = Debug|Any CPU
		{82242F40-8374-4D8D-87F7-5F44E4EC87E9}.Debug|Any CPU.Build.0 = Debug|Any CPU
		{82242F40-8374-4D8D-87F7-5F44E4EC87E9}.Release|Any CPU.ActiveCfg = Release|Any CPU
		{82242F40-8374-4D8D-87F7-5F44E4EC87E9}.Release|Any CPU.Build.0 = Release|Any CPU
		{CFA5F082-7D80-48FD-95D1-2C41CD8486A4}.Debug|Any CPU.ActiveCfg = Debug|Any CPU
		{CFA5F082-7D80-48FD-95D1-2C41CD8486A4}.Debug|Any CPU.Build.0 = Debug|Any CPU
		{CFA5F082-7D80-48FD-95D1-2C41CD8486A4}.Release|Any CPU.ActiveCfg = Release|Any CPU
		{CFA5F082-7D80-48FD-95D1-2C41CD8486A4}.Release|Any CPU.Build.0 = Release|Any CPU
		{F167A52A-1084-44D2-93D6-CB5D2B35F819}.Debug|Any CPU.ActiveCfg = Debug|Any CPU
		{F167A52A-1084-44D2-93D6-CB5D2B35F819}.Debug|Any CPU.Build.0 = Debug|Any CPU
		{F167A52A-1084-44D2-93D6-CB5D2B35F819}.Release|Any CPU.ActiveCfg = Release|Any CPU
		{F167A52A-1084-44D2-93D6-CB5D2B35F819}.Release|Any CPU.Build.0 = Release|Any CPU
	EndGlobalSection
	GlobalSection(SolutionProperties) = preSolution
		HideSolutionNode = FALSE
	EndGlobalSection
EndGlobal
