
Microsoft Visual Studio Solution File, Format Version 12.00
# Visual Studio Express 2012 for Windows Desktop
Project("{FAE04EC0-301F-11D3-BF4B-00C04F79EFBC}") = "Triangles", "Triangles\Triangles.csproj", "{82242F40-8374-4D8D-87F7-5F44E4EC87E9}"
EndProject
Project("{FAE04EC0-301F-11D3-BF4B-00C04F79EFBC}") = "TriangleTests", "TriangleTests\TriangleTests.csproj", "{5088354D-4A51-4BE4-A870-A73D6E7DABC3}"
EndProject
Project("{FAE04EC0-301F-11D3-BF4B-00C04F79EFBC}") = "ConsoleTriangle", "ConsoleTriangle\ConsoleTriangle.csproj", "{4F1B8A2F-4DC7-4711-93AA-07F82100C7DA}"
EndProject
Global
	GlobalSection(SolutionConfigurationPlatforms) = preSolution
		Debug|Any CPU = Debug|Any CPU
		Release|Any CPU = Release|Any CPU
	EndGlobalSection
	GlobalSection(ProjectConfigurationPlatforms) = postSolution
		{82242F40-8374-4D8D-87F7-5F44E4EC87E9}.Debug|Any CPU.ActiveCfg = Debug|Any CPU
		{82242F40-8374-4D8D-87F7-5F44E4EC87E9}.Debug|Any CPU.Build.0 = Debug|Any CPU
		{82242F40-8374-4D8D-87F7-5F44E4EC87E9}.Release|Any CPU.ActiveCfg = Release|Any CPU
		{82242F40-8374-4D8D-87F7-5F44E4EC87E9}.Release|Any CPU.Build.0 = Release|Any CPU
		{5088354D-4A51-4BE4-A870-A73D6E7DABC3}.Debug|Any CPU.ActiveCfg = Debug|Any CPU
		{5088354D-4A51-4BE4-A870-A73D6E7DABC3}.Debug|Any CPU.Build.0 = Debug|Any CPU
		{5088354D-4A51-4BE4-A870-A73D6E7DABC3}.Release|Any CPU.ActiveCfg = Release|Any CPU
		{5088354D-4A51-4BE4-A870-A73D6E7DABC3}.Release|Any CPU.Build.0 = Release|Any CPU
		{4F1B8A2F-4DC7-4711-93AA-07F82100C7DA}.Debug|Any CPU.ActiveCfg = Debug|Any CPU
		{4F1B8A2F-4DC7-4711-93AA-07F82100C7DA}.Debug|Any CPU.Build.0 = Debug|Any CPU
		{4F1B8A2F-4DC7-4711-93AA-07F82100C7DA}.Release|Any CPU.ActiveCfg = Release|Any CPU
		{4F1B8A2F-4DC7-4711-93AA-07F82100C7DA}.Release|Any CPU.Build.0 = Release|Any CPU
	EndGlobalSection
	GlobalSection(SolutionProperties) = preSolution
		HideSolutionNode = FALSE
	EndGlobalSection
EndGlobal
